
Microsoft Visual Studio Solution File, Format Version 12.00
# Visual Studio Version 16
VisualStudioVersion = 16.0.29926.136
MinimumVisualStudioVersion = 10.0.40219.1
Project("{9A19103F-16F7-4668-BE54-9A1E7A4F7556}") = "Central_Control", "Central_Control\Central_Control.csproj", "{4F8D0D1A-7749-4876-A724-0384E6A7F774}"
EndProject
Project("{9A19103F-16F7-4668-BE54-9A1E7A4F7556}") = "UtilityClasses", "UtilityClasses\UtilityClasses.csproj", "{8CC3F722-2181-4647-A7B5-71F48F8F9665}"
EndProject
Project("{9A19103F-16F7-4668-BE54-9A1E7A4F7556}") = "Client_Test", "Client_Test\Client_Test.csproj", "{7DF89700-D621-45C2-B68C-D9F4D6D59E13}"
EndProject
Project("{9A19103F-16F7-4668-BE54-9A1E7A4F7556}") = "PrimaryClasses", "PrimaryClasses\PrimaryClasses.csproj", "{385D8B0F-EF0F-4B2D-AA2B-7355D160E4C5}"
EndProject
Project("{9A19103F-16F7-4668-BE54-9A1E7A4F7556}") = "General_Testing", "General_Testing\General_Testing.csproj", "{5439ECD7-7D2C-4A09-8BDC-147DFC0EDEBF}"
EndProject
Project("{9A19103F-16F7-4668-BE54-9A1E7A4F7556}") = "CameraStreamTest", "CameraStreamTest\CameraStreamTest.csproj", "{C706657E-C2A6-4F47-97BA-CFF0F440FDDE}"
EndProject
Project("{FAE04EC0-301F-11D3-BF4B-00C04F79EFBC}") = "CamApp_Framework", "CamApp_Framework\CamApp_Framework.csproj", "{9981642A-D60B-4CB7-AEA9-0AE4CC236745}"
EndProject
Project("{8BC9CEB8-8B4A-11D0-8D11-00A0C91BC942}") = "OpenCVCode", "OpenCVCode\OpenCVCode.vcxproj", "{05CB40C6-9164-4D50-B626-096D93F57ECB}"
EndProject
Project("{9A19103F-16F7-4668-BE54-9A1E7A4F7556}") = "UnixSocketTest", "UnixSocketTest\UnixSocketTest.csproj", "{EF68F8CF-D03D-41F7-A2D5-EB25F7B89393}"
EndProject
Project("{8BC9CEB8-8B4A-11D0-8D11-00A0C91BC942}") = "UnixSocketTest_CPP", "UnixSocketTest_CPP\UnixSocketTest_CPP.vcxproj", "{3C2E82D5-2FF3-496F-A010-78020572415C}"
EndProject
Project("{FAE04EC0-301F-11D3-BF4B-00C04F79EFBC}") = "WindowsClientGUI", "WindowsClientGUI\WindowsClientGUI.csproj", "{CA394EFD-AF73-4140-ADC0-56A44431F1CB}"
EndProject
Project("{888888A0-9F3D-457C-B088-3A5042F75D52}") = "FaceTracking", "FaceTracking\FaceTracking.pyproj", "{9E18CB87-F5C9-4B48-81AF-8D96755E79EC}"
EndProject
Global
	GlobalSection(SolutionConfigurationPlatforms) = preSolution
		Debug|Any CPU = Debug|Any CPU
		Debug|x64 = Debug|x64
		Debug|x86 = Debug|x86
		Release|Any CPU = Release|Any CPU
		Release|x64 = Release|x64
		Release|x86 = Release|x86
	EndGlobalSection
	GlobalSection(ProjectConfigurationPlatforms) = postSolution
		{4F8D0D1A-7749-4876-A724-0384E6A7F774}.Debug|Any CPU.ActiveCfg = Debug|Any CPU
		{4F8D0D1A-7749-4876-A724-0384E6A7F774}.Debug|Any CPU.Build.0 = Debug|Any CPU
		{4F8D0D1A-7749-4876-A724-0384E6A7F774}.Debug|x64.ActiveCfg = Debug|Any CPU
		{4F8D0D1A-7749-4876-A724-0384E6A7F774}.Debug|x64.Build.0 = Debug|Any CPU
		{4F8D0D1A-7749-4876-A724-0384E6A7F774}.Debug|x86.ActiveCfg = Debug|Any CPU
		{4F8D0D1A-7749-4876-A724-0384E6A7F774}.Debug|x86.Build.0 = Debug|Any CPU
		{4F8D0D1A-7749-4876-A724-0384E6A7F774}.Release|Any CPU.ActiveCfg = Release|Any CPU
		{4F8D0D1A-7749-4876-A724-0384E6A7F774}.Release|Any CPU.Build.0 = Release|Any CPU
		{4F8D0D1A-7749-4876-A724-0384E6A7F774}.Release|x64.ActiveCfg = Release|Any CPU
		{4F8D0D1A-7749-4876-A724-0384E6A7F774}.Release|x64.Build.0 = Release|Any CPU
		{4F8D0D1A-7749-4876-A724-0384E6A7F774}.Release|x86.ActiveCfg = Release|Any CPU
		{4F8D0D1A-7749-4876-A724-0384E6A7F774}.Release|x86.Build.0 = Release|Any CPU
		{8CC3F722-2181-4647-A7B5-71F48F8F9665}.Debug|Any CPU.ActiveCfg = Debug|Any CPU
		{8CC3F722-2181-4647-A7B5-71F48F8F9665}.Debug|Any CPU.Build.0 = Debug|Any CPU
		{8CC3F722-2181-4647-A7B5-71F48F8F9665}.Debug|x64.ActiveCfg = Debug|Any CPU
		{8CC3F722-2181-4647-A7B5-71F48F8F9665}.Debug|x64.Build.0 = Debug|Any CPU
		{8CC3F722-2181-4647-A7B5-71F48F8F9665}.Debug|x86.ActiveCfg = Debug|Any CPU
		{8CC3F722-2181-4647-A7B5-71F48F8F9665}.Debug|x86.Build.0 = Debug|Any CPU
		{8CC3F722-2181-4647-A7B5-71F48F8F9665}.Release|Any CPU.ActiveCfg = Release|Any CPU
		{8CC3F722-2181-4647-A7B5-71F48F8F9665}.Release|Any CPU.Build.0 = Release|Any CPU
		{8CC3F722-2181-4647-A7B5-71F48F8F9665}.Release|x64.ActiveCfg = Release|Any CPU
		{8CC3F722-2181-4647-A7B5-71F48F8F9665}.Release|x64.Build.0 = Release|Any CPU
		{8CC3F722-2181-4647-A7B5-71F48F8F9665}.Release|x86.ActiveCfg = Release|Any CPU
		{8CC3F722-2181-4647-A7B5-71F48F8F9665}.Release|x86.Build.0 = Release|Any CPU
		{7DF89700-D621-45C2-B68C-D9F4D6D59E13}.Debug|Any CPU.ActiveCfg = Debug|Any CPU
		{7DF89700-D621-45C2-B68C-D9F4D6D59E13}.Debug|Any CPU.Build.0 = Debug|Any CPU
		{7DF89700-D621-45C2-B68C-D9F4D6D59E13}.Debug|x64.ActiveCfg = Debug|Any CPU
		{7DF89700-D621-45C2-B68C-D9F4D6D59E13}.Debug|x64.Build.0 = Debug|Any CPU
		{7DF89700-D621-45C2-B68C-D9F4D6D59E13}.Debug|x86.ActiveCfg = Debug|Any CPU
		{7DF89700-D621-45C2-B68C-D9F4D6D59E13}.Debug|x86.Build.0 = Debug|Any CPU
		{7DF89700-D621-45C2-B68C-D9F4D6D59E13}.Release|Any CPU.ActiveCfg = Release|Any CPU
		{7DF89700-D621-45C2-B68C-D9F4D6D59E13}.Release|Any CPU.Build.0 = Release|Any CPU
		{7DF89700-D621-45C2-B68C-D9F4D6D59E13}.Release|x64.ActiveCfg = Release|Any CPU
		{7DF89700-D621-45C2-B68C-D9F4D6D59E13}.Release|x64.Build.0 = Release|Any CPU
		{7DF89700-D621-45C2-B68C-D9F4D6D59E13}.Release|x86.ActiveCfg = Release|Any CPU
		{7DF89700-D621-45C2-B68C-D9F4D6D59E13}.Release|x86.Build.0 = Release|Any CPU
		{385D8B0F-EF0F-4B2D-AA2B-7355D160E4C5}.Debug|Any CPU.ActiveCfg = Debug|Any CPU
		{385D8B0F-EF0F-4B2D-AA2B-7355D160E4C5}.Debug|Any CPU.Build.0 = Debug|Any CPU
		{385D8B0F-EF0F-4B2D-AA2B-7355D160E4C5}.Debug|x64.ActiveCfg = Debug|Any CPU
		{385D8B0F-EF0F-4B2D-AA2B-7355D160E4C5}.Debug|x64.Build.0 = Debug|Any CPU
		{385D8B0F-EF0F-4B2D-AA2B-7355D160E4C5}.Debug|x86.ActiveCfg = Debug|Any CPU
		{385D8B0F-EF0F-4B2D-AA2B-7355D160E4C5}.Debug|x86.Build.0 = Debug|Any CPU
		{385D8B0F-EF0F-4B2D-AA2B-7355D160E4C5}.Release|Any CPU.ActiveCfg = Release|Any CPU
		{385D8B0F-EF0F-4B2D-AA2B-7355D160E4C5}.Release|Any CPU.Build.0 = Release|Any CPU
		{385D8B0F-EF0F-4B2D-AA2B-7355D160E4C5}.Release|x64.ActiveCfg = Release|Any CPU
		{385D8B0F-EF0F-4B2D-AA2B-7355D160E4C5}.Release|x64.Build.0 = Release|Any CPU
		{385D8B0F-EF0F-4B2D-AA2B-7355D160E4C5}.Release|x86.ActiveCfg = Release|Any CPU
		{385D8B0F-EF0F-4B2D-AA2B-7355D160E4C5}.Release|x86.Build.0 = Release|Any CPU
		{5439ECD7-7D2C-4A09-8BDC-147DFC0EDEBF}.Debug|Any CPU.ActiveCfg = Debug|Any CPU
		{5439ECD7-7D2C-4A09-8BDC-147DFC0EDEBF}.Debug|Any CPU.Build.0 = Debug|Any CPU
		{5439ECD7-7D2C-4A09-8BDC-147DFC0EDEBF}.Debug|x64.ActiveCfg = Debug|Any CPU
		{5439ECD7-7D2C-4A09-8BDC-147DFC0EDEBF}.Debug|x64.Build.0 = Debug|Any CPU
		{5439ECD7-7D2C-4A09-8BDC-147DFC0EDEBF}.Debug|x86.ActiveCfg = Debug|Any CPU
		{5439ECD7-7D2C-4A09-8BDC-147DFC0EDEBF}.Debug|x86.Build.0 = Debug|Any CPU
		{5439ECD7-7D2C-4A09-8BDC-147DFC0EDEBF}.Release|Any CPU.ActiveCfg = Release|Any CPU
		{5439ECD7-7D2C-4A09-8BDC-147DFC0EDEBF}.Release|Any CPU.Build.0 = Release|Any CPU
		{5439ECD7-7D2C-4A09-8BDC-147DFC0EDEBF}.Release|x64.ActiveCfg = Release|Any CPU
		{5439ECD7-7D2C-4A09-8BDC-147DFC0EDEBF}.Release|x64.Build.0 = Release|Any CPU
		{5439ECD7-7D2C-4A09-8BDC-147DFC0EDEBF}.Release|x86.ActiveCfg = Release|Any CPU
		{5439ECD7-7D2C-4A09-8BDC-147DFC0EDEBF}.Release|x86.Build.0 = Release|Any CPU
		{C706657E-C2A6-4F47-97BA-CFF0F440FDDE}.Debug|Any CPU.ActiveCfg = Debug|Any CPU
		{C706657E-C2A6-4F47-97BA-CFF0F440FDDE}.Debug|Any CPU.Build.0 = Debug|Any CPU
		{C706657E-C2A6-4F47-97BA-CFF0F440FDDE}.Debug|x64.ActiveCfg = Debug|Any CPU
		{C706657E-C2A6-4F47-97BA-CFF0F440FDDE}.Debug|x64.Build.0 = Debug|Any CPU
		{C706657E-C2A6-4F47-97BA-CFF0F440FDDE}.Debug|x86.ActiveCfg = Debug|Any CPU
		{C706657E-C2A6-4F47-97BA-CFF0F440FDDE}.Debug|x86.Build.0 = Debug|Any CPU
		{C706657E-C2A6-4F47-97BA-CFF0F440FDDE}.Release|Any CPU.ActiveCfg = Release|Any CPU
		{C706657E-C2A6-4F47-97BA-CFF0F440FDDE}.Release|Any CPU.Build.0 = Release|Any CPU
		{C706657E-C2A6-4F47-97BA-CFF0F440FDDE}.Release|x64.ActiveCfg = Release|Any CPU
		{C706657E-C2A6-4F47-97BA-CFF0F440FDDE}.Release|x64.Build.0 = Release|Any CPU
		{C706657E-C2A6-4F47-97BA-CFF0F440FDDE}.Release|x86.ActiveCfg = Release|Any CPU
		{C706657E-C2A6-4F47-97BA-CFF0F440FDDE}.Release|x86.Build.0 = Release|Any CPU
		{9981642A-D60B-4CB7-AEA9-0AE4CC236745}.Debug|Any CPU.ActiveCfg = Debug|Any CPU
		{9981642A-D60B-4CB7-AEA9-0AE4CC236745}.Debug|Any CPU.Build.0 = Debug|Any CPU
		{9981642A-D60B-4CB7-AEA9-0AE4CC236745}.Debug|x64.ActiveCfg = Debug|Any CPU
		{9981642A-D60B-4CB7-AEA9-0AE4CC236745}.Debug|x64.Build.0 = Debug|Any CPU
		{9981642A-D60B-4CB7-AEA9-0AE4CC236745}.Debug|x86.ActiveCfg = Debug|Any CPU
		{9981642A-D60B-4CB7-AEA9-0AE4CC236745}.Debug|x86.Build.0 = Debug|Any CPU
		{9981642A-D60B-4CB7-AEA9-0AE4CC236745}.Release|Any CPU.ActiveCfg = Release|Any CPU
		{9981642A-D60B-4CB7-AEA9-0AE4CC236745}.Release|Any CPU.Build.0 = Release|Any CPU
		{9981642A-D60B-4CB7-AEA9-0AE4CC236745}.Release|x64.ActiveCfg = Release|Any CPU
		{9981642A-D60B-4CB7-AEA9-0AE4CC236745}.Release|x64.Build.0 = Release|Any CPU
		{9981642A-D60B-4CB7-AEA9-0AE4CC236745}.Release|x86.ActiveCfg = Release|Any CPU
		{9981642A-D60B-4CB7-AEA9-0AE4CC236745}.Release|x86.Build.0 = Release|Any CPU
		{05CB40C6-9164-4D50-B626-096D93F57ECB}.Debug|Any CPU.ActiveCfg = Debug|Win32
		{05CB40C6-9164-4D50-B626-096D93F57ECB}.Debug|x64.ActiveCfg = Debug|x64
		{05CB40C6-9164-4D50-B626-096D93F57ECB}.Debug|x64.Build.0 = Debug|x64
		{05CB40C6-9164-4D50-B626-096D93F57ECB}.Debug|x86.ActiveCfg = Debug|Win32
		{05CB40C6-9164-4D50-B626-096D93F57ECB}.Debug|x86.Build.0 = Debug|Win32
		{05CB40C6-9164-4D50-B626-096D93F57ECB}.Release|Any CPU.ActiveCfg = Release|Win32
		{05CB40C6-9164-4D50-B626-096D93F57ECB}.Release|x64.ActiveCfg = Release|x64
		{05CB40C6-9164-4D50-B626-096D93F57ECB}.Release|x64.Build.0 = Release|x64
		{05CB40C6-9164-4D50-B626-096D93F57ECB}.Release|x86.ActiveCfg = Release|Win32
		{05CB40C6-9164-4D50-B626-096D93F57ECB}.Release|x86.Build.0 = Release|Win32
		{EF68F8CF-D03D-41F7-A2D5-EB25F7B89393}.Debug|Any CPU.ActiveCfg = Debug|Any CPU
		{EF68F8CF-D03D-41F7-A2D5-EB25F7B89393}.Debug|Any CPU.Build.0 = Debug|Any CPU
		{EF68F8CF-D03D-41F7-A2D5-EB25F7B89393}.Debug|x64.ActiveCfg = Debug|Any CPU
		{EF68F8CF-D03D-41F7-A2D5-EB25F7B89393}.Debug|x64.Build.0 = Debug|Any CPU
		{EF68F8CF-D03D-41F7-A2D5-EB25F7B89393}.Debug|x86.ActiveCfg = Debug|Any CPU
		{EF68F8CF-D03D-41F7-A2D5-EB25F7B89393}.Debug|x86.Build.0 = Debug|Any CPU
		{EF68F8CF-D03D-41F7-A2D5-EB25F7B89393}.Release|Any CPU.ActiveCfg = Release|Any CPU
		{EF68F8CF-D03D-41F7-A2D5-EB25F7B89393}.Release|Any CPU.Build.0 = Release|Any CPU
		{EF68F8CF-D03D-41F7-A2D5-EB25F7B89393}.Release|x64.ActiveCfg = Release|Any CPU
		{EF68F8CF-D03D-41F7-A2D5-EB25F7B89393}.Release|x64.Build.0 = Release|Any CPU
		{EF68F8CF-D03D-41F7-A2D5-EB25F7B89393}.Release|x86.ActiveCfg = Release|Any CPU
		{EF68F8CF-D03D-41F7-A2D5-EB25F7B89393}.Release|x86.Build.0 = Release|Any CPU
		{3C2E82D5-2FF3-496F-A010-78020572415C}.Debug|Any CPU.ActiveCfg = Debug|Win32
		{3C2E82D5-2FF3-496F-A010-78020572415C}.Debug|x64.ActiveCfg = Debug|x64
		{3C2E82D5-2FF3-496F-A010-78020572415C}.Debug|x64.Build.0 = Debug|x64
		{3C2E82D5-2FF3-496F-A010-78020572415C}.Debug|x86.ActiveCfg = Debug|Win32
		{3C2E82D5-2FF3-496F-A010-78020572415C}.Debug|x86.Build.0 = Debug|Win32
		{3C2E82D5-2FF3-496F-A010-78020572415C}.Release|Any CPU.ActiveCfg = Release|Win32
		{3C2E82D5-2FF3-496F-A010-78020572415C}.Release|x64.ActiveCfg = Release|x64
		{3C2E82D5-2FF3-496F-A010-78020572415C}.Release|x64.Build.0 = Release|x64
		{3C2E82D5-2FF3-496F-A010-78020572415C}.Release|x86.ActiveCfg = Release|Win32
		{3C2E82D5-2FF3-496F-A010-78020572415C}.Release|x86.Build.0 = Release|Win32
		{CA394EFD-AF73-4140-ADC0-56A44431F1CB}.Debug|Any CPU.ActiveCfg = Debug|Any CPU
		{CA394EFD-AF73-4140-ADC0-56A44431F1CB}.Debug|Any CPU.Build.0 = Debug|Any CPU
		{CA394EFD-AF73-4140-ADC0-56A44431F1CB}.Debug|x64.ActiveCfg = Debug|Any CPU
		{CA394EFD-AF73-4140-ADC0-56A44431F1CB}.Debug|x64.Build.0 = Debug|Any CPU
		{CA394EFD-AF73-4140-ADC0-56A44431F1CB}.Debug|x86.ActiveCfg = Debug|Any CPU
		{CA394EFD-AF73-4140-ADC0-56A44431F1CB}.Debug|x86.Build.0 = Debug|Any CPU
		{CA394EFD-AF73-4140-ADC0-56A44431F1CB}.Release|Any CPU.ActiveCfg = Release|Any CPU
		{CA394EFD-AF73-4140-ADC0-56A44431F1CB}.Release|Any CPU.Build.0 = Release|Any CPU
		{CA394EFD-AF73-4140-ADC0-56A44431F1CB}.Release|x64.ActiveCfg = Release|Any CPU
		{CA394EFD-AF73-4140-ADC0-56A44431F1CB}.Release|x64.Build.0 = Release|Any CPU
		{CA394EFD-AF73-4140-ADC0-56A44431F1CB}.Release|x86.ActiveCfg = Release|Any CPU
		{CA394EFD-AF73-4140-ADC0-56A44431F1CB}.Release|x86.Build.0 = Release|Any CPU
		{9E18CB87-F5C9-4B48-81AF-8D96755E79EC}.Debug|Any CPU.ActiveCfg = Debug|Any CPU
		{9E18CB87-F5C9-4B48-81AF-8D96755E79EC}.Debug|x64.ActiveCfg = Debug|Any CPU
		{9E18CB87-F5C9-4B48-81AF-8D96755E79EC}.Debug|x86.ActiveCfg = Debug|Any CPU
		{9E18CB87-F5C9-4B48-81AF-8D96755E79EC}.Release|Any CPU.ActiveCfg = Release|Any CPU
		{9E18CB87-F5C9-4B48-81AF-8D96755E79EC}.Release|x64.ActiveCfg = Release|Any CPU
		{9E18CB87-F5C9-4B48-81AF-8D96755E79EC}.Release|x86.ActiveCfg = Release|Any CPU
	EndGlobalSection
	GlobalSection(SolutionProperties) = preSolution
		HideSolutionNode = FALSE
	EndGlobalSection
	GlobalSection(ExtensibilityGlobals) = postSolution
		SolutionGuid = {FA6B4DD9-A01E-4750-A31B-750D02B4B387}
	EndGlobalSection
EndGlobal
