
Microsoft Visual Studio Solution File, Format Version 12.00
# Visual Studio Version 16
VisualStudioVersion = 16.0.29926.136
MinimumVisualStudioVersion = 10.0.40219.1
Project("{9A19103F-16F7-4668-BE54-9A1E7A4F7556}") = "Central_Control", "Central_Control\Central_Control.csproj", "{4F8D0D1A-7749-4876-A724-0384E6A7F774}"
EndProject
Project("{9A19103F-16F7-4668-BE54-9A1E7A4F7556}") = "UtilityClasses", "UtilityClasses\UtilityClasses.csproj", "{8CC3F722-2181-4647-A7B5-71F48F8F9665}"
EndProject
Project("{9A19103F-16F7-4668-BE54-9A1E7A4F7556}") = "Client_Test", "Client_Test\Client_Test.csproj", "{7DF89700-D621-45C2-B68C-D9F4D6D59E13}"
EndProject
Project("{9A19103F-16F7-4668-BE54-9A1E7A4F7556}") = "PrimaryClasses", "PrimaryClasses\PrimaryClasses.csproj", "{385D8B0F-EF0F-4B2D-AA2B-7355D160E4C5}"
EndProject
Project("{9A19103F-16F7-4668-BE54-9A1E7A4F7556}") = "General_Testing", "General_Testing\General_Testing.csproj", "{5439ECD7-7D2C-4A09-8BDC-147DFC0EDEBF}"
EndProject
Project("{FAE04EC0-301F-11D3-BF4B-00C04F79EFBC}") = "Client_GUI", "Client_GUI\Client_GUI.csproj", "{A2A3706F-7FB0-4ED3-B1C1-6A21CB9C83AA}"
EndProject
Global
	GlobalSection(SolutionConfigurationPlatforms) = preSolution
		Debug|Any CPU = Debug|Any CPU
		Release|Any CPU = Release|Any CPU
	EndGlobalSection
	GlobalSection(ProjectConfigurationPlatforms) = postSolution
		{4F8D0D1A-7749-4876-A724-0384E6A7F774}.Debug|Any CPU.ActiveCfg = Debug|Any CPU
		{4F8D0D1A-7749-4876-A724-0384E6A7F774}.Debug|Any CPU.Build.0 = Debug|Any CPU
		{4F8D0D1A-7749-4876-A724-0384E6A7F774}.Release|Any CPU.ActiveCfg = Release|Any CPU
		{4F8D0D1A-7749-4876-A724-0384E6A7F774}.Release|Any CPU.Build.0 = Release|Any CPU
		{8CC3F722-2181-4647-A7B5-71F48F8F9665}.Debug|Any CPU.ActiveCfg = Debug|Any CPU
		{8CC3F722-2181-4647-A7B5-71F48F8F9665}.Debug|Any CPU.Build.0 = Debug|Any CPU
		{8CC3F722-2181-4647-A7B5-71F48F8F9665}.Release|Any CPU.ActiveCfg = Release|Any CPU
		{8CC3F722-2181-4647-A7B5-71F48F8F9665}.Release|Any CPU.Build.0 = Release|Any CPU
		{7DF89700-D621-45C2-B68C-D9F4D6D59E13}.Debug|Any CPU.ActiveCfg = Debug|Any CPU
		{7DF89700-D621-45C2-B68C-D9F4D6D59E13}.Debug|Any CPU.Build.0 = Debug|Any CPU
		{7DF89700-D621-45C2-B68C-D9F4D6D59E13}.Release|Any CPU.ActiveCfg = Release|Any CPU
		{7DF89700-D621-45C2-B68C-D9F4D6D59E13}.Release|Any CPU.Build.0 = Release|Any CPU
		{385D8B0F-EF0F-4B2D-AA2B-7355D160E4C5}.Debug|Any CPU.ActiveCfg = Debug|Any CPU
		{385D8B0F-EF0F-4B2D-AA2B-7355D160E4C5}.Debug|Any CPU.Build.0 = Debug|Any CPU
		{385D8B0F-EF0F-4B2D-AA2B-7355D160E4C5}.Release|Any CPU.ActiveCfg = Release|Any CPU
		{385D8B0F-EF0F-4B2D-AA2B-7355D160E4C5}.Release|Any CPU.Build.0 = Release|Any CPU
		{5439ECD7-7D2C-4A09-8BDC-147DFC0EDEBF}.Debug|Any CPU.ActiveCfg = Debug|Any CPU
		{5439ECD7-7D2C-4A09-8BDC-147DFC0EDEBF}.Debug|Any CPU.Build.0 = Debug|Any CPU
		{5439ECD7-7D2C-4A09-8BDC-147DFC0EDEBF}.Release|Any CPU.ActiveCfg = Release|Any CPU
		{5439ECD7-7D2C-4A09-8BDC-147DFC0EDEBF}.Release|Any CPU.Build.0 = Release|Any CPU
		{A2A3706F-7FB0-4ED3-B1C1-6A21CB9C83AA}.Debug|Any CPU.ActiveCfg = Debug|Any CPU
		{A2A3706F-7FB0-4ED3-B1C1-6A21CB9C83AA}.Debug|Any CPU.Build.0 = Debug|Any CPU
		{A2A3706F-7FB0-4ED3-B1C1-6A21CB9C83AA}.Release|Any CPU.ActiveCfg = Release|Any CPU
		{A2A3706F-7FB0-4ED3-B1C1-6A21CB9C83AA}.Release|Any CPU.Build.0 = Release|Any CPU
	EndGlobalSection
	GlobalSection(SolutionProperties) = preSolution
		HideSolutionNode = FALSE
	EndGlobalSection
	GlobalSection(ExtensibilityGlobals) = postSolution
		SolutionGuid = {FA6B4DD9-A01E-4750-A31B-750D02B4B387}
	EndGlobalSection
EndGlobal
